
Microsoft Visual Studio Solution File, Format Version 12.00
# Visual Studio 2012
Project("{FAE04EC0-301F-11D3-BF4B-00C04F79EFBC}") = "ProtoChannel-4", "ProtoChannel\ProtoChannel-4.csproj", "{B43F28DC-926B-4B95-AF13-83F74F7BCC5A}"
EndProject
Project("{FAE04EC0-301F-11D3-BF4B-00C04F79EFBC}") = "ProtoChannel.Test-4", "ProtoChannel.Test\ProtoChannel.Test-4.csproj", "{AE44E74F-982E-4FD1-A0BC-7F2C01A3F8E5}"
EndProject
Project("{FAE04EC0-301F-11D3-BF4B-00C04F79EFBC}") = "ProtoChannel.HttpProxy", "ProtoChannel.HttpProxy\ProtoChannel.HttpProxy.csproj", "{B280DD28-CC32-4824-86F9-A2FEB4C6899E}"
EndProject
Project("{FAE04EC0-301F-11D3-BF4B-00C04F79EFBC}") = "ProtoChannel.Web", "ProtoChannel.Web\ProtoChannel.Web.csproj", "{9768EB10-ED94-444C-BC70-36FE325B60E5}"
EndProject
Project("{FAE04EC0-301F-11D3-BF4B-00C04F79EFBC}") = "ProtoChannel.CodeGenerator", "ProtoChannel.CodeGenerator\ProtoChannel.CodeGenerator.csproj", "{6C25D776-11E8-4F4D-92AF-6C92C8BB9AE2}"
EndProject
Project("{FAE04EC0-301F-11D3-BF4B-00C04F79EFBC}") = "ProtoChannel.Demo-4", "ProtoChannel.Demo\ProtoChannel.Demo-4.csproj", "{AE46B30E-02D5-4AAF-AAFC-BE26074C9A7F}"
EndProject
Project("{FAE04EC0-301F-11D3-BF4B-00C04F79EFBC}") = "ProtoChannel-2", "ProtoChannel\ProtoChannel-2.csproj", "{3B7848E6-172A-4797-BE0C-DEA3CC8D612A}"
EndProject
Project("{FAE04EC0-301F-11D3-BF4B-00C04F79EFBC}") = "ProtoChannel.Test-2", "ProtoChannel.Test\ProtoChannel.Test-2.csproj", "{A92F969D-A161-4338-AB39-4D5419DF91CE}"
EndProject
Project("{FAE04EC0-301F-11D3-BF4B-00C04F79EFBC}") = "ProtoChannel.Demo-2", "ProtoChannel.Demo\ProtoChannel.Demo-2.csproj", "{444835E5-EF7B-42BA-AB18-6ED8CD1756D5}"
EndProject
Project("{FAE04EC0-301F-11D3-BF4B-00C04F79EFBC}") = "ProtoChannel-MD", "ProtoChannel\ProtoChannel-MD.csproj", "{BA0CD91B-700B-4661-B585-C1526A0F2BA6}"
EndProject
Global
	GlobalSection(SolutionConfigurationPlatforms) = preSolution
		Code Analysis|Mixed Platforms = Code Analysis|Mixed Platforms
		Debug|Mixed Platforms = Debug|Mixed Platforms
		Release|Mixed Platforms = Release|Mixed Platforms
	EndGlobalSection
	GlobalSection(ProjectConfigurationPlatforms) = postSolution
		{B43F28DC-926B-4B95-AF13-83F74F7BCC5A}.Code Analysis|Mixed Platforms.ActiveCfg = Code Analysis|Any CPU
		{B43F28DC-926B-4B95-AF13-83F74F7BCC5A}.Code Analysis|Mixed Platforms.Build.0 = Code Analysis|Any CPU
		{B43F28DC-926B-4B95-AF13-83F74F7BCC5A}.Debug|Mixed Platforms.ActiveCfg = Debug|Any CPU
		{B43F28DC-926B-4B95-AF13-83F74F7BCC5A}.Debug|Mixed Platforms.Build.0 = Debug|Any CPU
		{B43F28DC-926B-4B95-AF13-83F74F7BCC5A}.Release|Mixed Platforms.ActiveCfg = Release|Any CPU
		{B43F28DC-926B-4B95-AF13-83F74F7BCC5A}.Release|Mixed Platforms.Build.0 = Release|Any CPU
		{AE44E74F-982E-4FD1-A0BC-7F2C01A3F8E5}.Code Analysis|Mixed Platforms.ActiveCfg = Release|Any CPU
		{AE44E74F-982E-4FD1-A0BC-7F2C01A3F8E5}.Code Analysis|Mixed Platforms.Build.0 = Release|Any CPU
		{AE44E74F-982E-4FD1-A0BC-7F2C01A3F8E5}.Debug|Mixed Platforms.ActiveCfg = Debug|Any CPU
		{AE44E74F-982E-4FD1-A0BC-7F2C01A3F8E5}.Debug|Mixed Platforms.Build.0 = Debug|Any CPU
		{AE44E74F-982E-4FD1-A0BC-7F2C01A3F8E5}.Release|Mixed Platforms.ActiveCfg = Release|Any CPU
		{AE44E74F-982E-4FD1-A0BC-7F2C01A3F8E5}.Release|Mixed Platforms.Build.0 = Release|Any CPU
		{B280DD28-CC32-4824-86F9-A2FEB4C6899E}.Code Analysis|Mixed Platforms.ActiveCfg = Release|Any CPU
		{B280DD28-CC32-4824-86F9-A2FEB4C6899E}.Code Analysis|Mixed Platforms.Build.0 = Release|Any CPU
		{B280DD28-CC32-4824-86F9-A2FEB4C6899E}.Debug|Mixed Platforms.ActiveCfg = Debug|Any CPU
		{B280DD28-CC32-4824-86F9-A2FEB4C6899E}.Debug|Mixed Platforms.Build.0 = Debug|Any CPU
		{B280DD28-CC32-4824-86F9-A2FEB4C6899E}.Release|Mixed Platforms.ActiveCfg = Release|Any CPU
		{B280DD28-CC32-4824-86F9-A2FEB4C6899E}.Release|Mixed Platforms.Build.0 = Release|Any CPU
		{9768EB10-ED94-444C-BC70-36FE325B60E5}.Code Analysis|Mixed Platforms.ActiveCfg = Code Analysis|Any CPU
		{9768EB10-ED94-444C-BC70-36FE325B60E5}.Code Analysis|Mixed Platforms.Build.0 = Code Analysis|Any CPU
		{9768EB10-ED94-444C-BC70-36FE325B60E5}.Debug|Mixed Platforms.ActiveCfg = Debug|Any CPU
		{9768EB10-ED94-444C-BC70-36FE325B60E5}.Debug|Mixed Platforms.Build.0 = Debug|Any CPU
		{9768EB10-ED94-444C-BC70-36FE325B60E5}.Release|Mixed Platforms.ActiveCfg = Release|Any CPU
		{9768EB10-ED94-444C-BC70-36FE325B60E5}.Release|Mixed Platforms.Build.0 = Release|Any CPU
		{6C25D776-11E8-4F4D-92AF-6C92C8BB9AE2}.Code Analysis|Mixed Platforms.ActiveCfg = Release|Any CPU
		{6C25D776-11E8-4F4D-92AF-6C92C8BB9AE2}.Code Analysis|Mixed Platforms.Build.0 = Release|Any CPU
		{6C25D776-11E8-4F4D-92AF-6C92C8BB9AE2}.Debug|Mixed Platforms.ActiveCfg = Debug|Any CPU
		{6C25D776-11E8-4F4D-92AF-6C92C8BB9AE2}.Debug|Mixed Platforms.Build.0 = Debug|Any CPU
		{6C25D776-11E8-4F4D-92AF-6C92C8BB9AE2}.Release|Mixed Platforms.ActiveCfg = Release|Any CPU
		{6C25D776-11E8-4F4D-92AF-6C92C8BB9AE2}.Release|Mixed Platforms.Build.0 = Release|Any CPU
		{AE46B30E-02D5-4AAF-AAFC-BE26074C9A7F}.Code Analysis|Mixed Platforms.ActiveCfg = Release|x86
		{AE46B30E-02D5-4AAF-AAFC-BE26074C9A7F}.Code Analysis|Mixed Platforms.Build.0 = Release|x86
		{AE46B30E-02D5-4AAF-AAFC-BE26074C9A7F}.Debug|Mixed Platforms.ActiveCfg = Debug|x86
		{AE46B30E-02D5-4AAF-AAFC-BE26074C9A7F}.Debug|Mixed Platforms.Build.0 = Debug|x86
		{AE46B30E-02D5-4AAF-AAFC-BE26074C9A7F}.Release|Mixed Platforms.ActiveCfg = Release|x86
		{AE46B30E-02D5-4AAF-AAFC-BE26074C9A7F}.Release|Mixed Platforms.Build.0 = Release|x86
		{3B7848E6-172A-4797-BE0C-DEA3CC8D612A}.Code Analysis|Mixed Platforms.ActiveCfg = Code Analysis|Any CPU
		{3B7848E6-172A-4797-BE0C-DEA3CC8D612A}.Code Analysis|Mixed Platforms.Build.0 = Code Analysis|Any CPU
		{3B7848E6-172A-4797-BE0C-DEA3CC8D612A}.Debug|Mixed Platforms.ActiveCfg = Debug|Any CPU
		{3B7848E6-172A-4797-BE0C-DEA3CC8D612A}.Debug|Mixed Platforms.Build.0 = Debug|Any CPU
		{3B7848E6-172A-4797-BE0C-DEA3CC8D612A}.Release|Mixed Platforms.ActiveCfg = Release|Any CPU
		{3B7848E6-172A-4797-BE0C-DEA3CC8D612A}.Release|Mixed Platforms.Build.0 = Release|Any CPU
		{A92F969D-A161-4338-AB39-4D5419DF91CE}.Code Analysis|Mixed Platforms.ActiveCfg = Release|Any CPU
		{A92F969D-A161-4338-AB39-4D5419DF91CE}.Code Analysis|Mixed Platforms.Build.0 = Release|Any CPU
		{A92F969D-A161-4338-AB39-4D5419DF91CE}.Debug|Mixed Platforms.ActiveCfg = Debug|Any CPU
		{A92F969D-A161-4338-AB39-4D5419DF91CE}.Debug|Mixed Platforms.Build.0 = Debug|Any CPU
		{A92F969D-A161-4338-AB39-4D5419DF91CE}.Release|Mixed Platforms.ActiveCfg = Release|Any CPU
		{A92F969D-A161-4338-AB39-4D5419DF91CE}.Release|Mixed Platforms.Build.0 = Release|Any CPU
		{444835E5-EF7B-42BA-AB18-6ED8CD1756D5}.Code Analysis|Mixed Platforms.ActiveCfg = Release|x86
		{444835E5-EF7B-42BA-AB18-6ED8CD1756D5}.Code Analysis|Mixed Platforms.Build.0 = Release|x86
		{444835E5-EF7B-42BA-AB18-6ED8CD1756D5}.Debug|Mixed Platforms.ActiveCfg = Debug|x86
		{444835E5-EF7B-42BA-AB18-6ED8CD1756D5}.Debug|Mixed Platforms.Build.0 = Debug|x86
		{444835E5-EF7B-42BA-AB18-6ED8CD1756D5}.Release|Mixed Platforms.ActiveCfg = Release|x86
		{444835E5-EF7B-42BA-AB18-6ED8CD1756D5}.Release|Mixed Platforms.Build.0 = Release|x86
		{BA0CD91B-700B-4661-B585-C1526A0F2BA6}.Code Analysis|Mixed Platforms.ActiveCfg = Code Analysis|Any CPU
		{BA0CD91B-700B-4661-B585-C1526A0F2BA6}.Code Analysis|Mixed Platforms.Build.0 = Code Analysis|Any CPU
		{BA0CD91B-700B-4661-B585-C1526A0F2BA6}.Debug|Mixed Platforms.ActiveCfg = Debug|Any CPU
		{BA0CD91B-700B-4661-B585-C1526A0F2BA6}.Debug|Mixed Platforms.Build.0 = Debug|Any CPU
		{BA0CD91B-700B-4661-B585-C1526A0F2BA6}.Release|Mixed Platforms.ActiveCfg = Release|Any CPU
		{BA0CD91B-700B-4661-B585-C1526A0F2BA6}.Release|Mixed Platforms.Build.0 = Release|Any CPU
	EndGlobalSection
	GlobalSection(SolutionProperties) = preSolution
		HideSolutionNode = FALSE
	EndGlobalSection
EndGlobal
